
Microsoft Visual Studio Solution File, Format Version 12.00
# Visual Studio Version 17
VisualStudioVersion = 17.9.34607.119
MinimumVisualStudioVersion = 10.0.40219.1
Project("{FAE04EC0-301F-11D3-BF4B-00C04F79EFBC}") = "TargetCustomer", "TargetCustomer.csproj", "{685756CB-F1EB-45B1-BBEA-BAFDFA2D18BF}"
EndProject
Global
	GlobalSection(SolutionConfigurationPlatforms) = preSolution
		Debug|Any CPU = Debug|Any CPU
		Release|Any CPU = Release|Any CPU
	EndGlobalSection
	GlobalSection(ProjectConfigurationPlatforms) = postSolution
		{685756CB-F1EB-45B1-BBEA-BAFDFA2D18BF}.Debug|Any CPU.ActiveCfg = Debug|Any CPU
		{685756CB-F1EB-45B1-BBEA-BAFDFA2D18BF}.Debug|Any CPU.Build.0 = Debug|Any CPU
		{685756CB-F1EB-45B1-BBEA-BAFDFA2D18BF}.Release|Any CPU.ActiveCfg = Release|Any CPU
		{685756CB-F1EB-45B1-BBEA-BAFDFA2D18BF}.Release|Any CPU.Build.0 = Release|Any CPU
	EndGlobalSection
	GlobalSection(SolutionProperties) = preSolution
		HideSolutionNode = FALSE
	EndGlobalSection
	GlobalSection(ExtensibilityGlobals) = postSolution
		SolutionGuid = {690D6C37-25F5-4FD5-9E39-750A515D0D1E}
	EndGlobalSection
EndGlobal
